
Microsoft Visual Studio Solution File, Format Version 12.00
# Visual Studio 15
VisualStudioVersion = 15.0.28307.1500
MinimumVisualStudioVersion = 10.0.40219.1
Project("{FAE04EC0-301F-11D3-BF4B-00C04F79EFBC}") = "TestCinema", "TestCinema\TestCinema.csproj", "{88ECB600-DFEF-429D-B50A-28DD25D32114}"
EndProject
Global
	GlobalSection(SolutionConfigurationPlatforms) = preSolution
		Debug|Any CPU = Debug|Any CPU
		Release|Any CPU = Release|Any CPU
	EndGlobalSection
	GlobalSection(ProjectConfigurationPlatforms) = postSolution
		{88ECB600-DFEF-429D-B50A-28DD25D32114}.Debug|Any CPU.ActiveCfg = Debug|Any CPU
		{88ECB600-DFEF-429D-B50A-28DD25D32114}.Debug|Any CPU.Build.0 = Debug|Any CPU
		{88ECB600-DFEF-429D-B50A-28DD25D32114}.Release|Any CPU.ActiveCfg = Release|Any CPU
		{88ECB600-DFEF-429D-B50A-28DD25D32114}.Release|Any CPU.Build.0 = Release|Any CPU
	EndGlobalSection
	GlobalSection(SolutionProperties) = preSolution
		HideSolutionNode = FALSE
	EndGlobalSection
	GlobalSection(ExtensibilityGlobals) = postSolution
		SolutionGuid = {6F959B28-4294-499C-A545-3624A496A34D}
	EndGlobalSection
EndGlobal
